
Microsoft Visual Studio Solution File, Format Version 11.00
# Visual Studio 2010
Project("{FAE04EC0-301F-11D3-BF4B-00C04F79EFBC}") = "XXXTremeFireGame", "Assembly-CSharp.csproj", "{F590D69A-5D60-F964-8B28-8DFB21C5DE10}"
EndProject
Project("{FAE04EC0-301F-11D3-BF4B-00C04F79EFBC}") = "XXXTremeFireGame", "Assembly-CSharp-Editor.csproj", "{D6A54AF9-E1FA-B0A7-D0C1-B8E8001837D3}"
EndProject
Global
	GlobalSection(SolutionConfigurationPlatforms) = preSolution
		Debug|Any CPU = Debug|Any CPU
		Release|Any CPU = Release|Any CPU
	EndGlobalSection
	GlobalSection(ProjectConfigurationPlatforms) = postSolution
		{F590D69A-5D60-F964-8B28-8DFB21C5DE10}.Debug|Any CPU.ActiveCfg = Debug|Any CPU
		{F590D69A-5D60-F964-8B28-8DFB21C5DE10}.Debug|Any CPU.Build.0 = Debug|Any CPU
		{F590D69A-5D60-F964-8B28-8DFB21C5DE10}.Release|Any CPU.ActiveCfg = Release|Any CPU
		{F590D69A-5D60-F964-8B28-8DFB21C5DE10}.Release|Any CPU.Build.0 = Release|Any CPU
		{D6A54AF9-E1FA-B0A7-D0C1-B8E8001837D3}.Debug|Any CPU.ActiveCfg = Debug|Any CPU
		{D6A54AF9-E1FA-B0A7-D0C1-B8E8001837D3}.Debug|Any CPU.Build.0 = Debug|Any CPU
		{D6A54AF9-E1FA-B0A7-D0C1-B8E8001837D3}.Release|Any CPU.ActiveCfg = Release|Any CPU
		{D6A54AF9-E1FA-B0A7-D0C1-B8E8001837D3}.Release|Any CPU.Build.0 = Release|Any CPU
	EndGlobalSection
	GlobalSection(SolutionProperties) = preSolution
		HideSolutionNode = FALSE
	EndGlobalSection
	GlobalSection(MonoDevelopProperties) = preSolution
		StartupItem = Assembly-CSharp.csproj
	EndGlobalSection
EndGlobal
